
Microsoft Visual Studio Solution File, Format Version 12.00
# Visual Studio Version 17
VisualStudioVersion = 17.0.31903.59
MinimumVisualStudioVersion = 10.0.40219.1
Project("{FAE04EC0-301F-11D3-BF4B-00C04F79EFBC}") = "EsoCPU", "EsoCPU\EsoCPU.csproj", "{CE681C63-0418-4B10-B3AC-EF9C7412B1ED}"
EndProject
Project("{FAE04EC0-301F-11D3-BF4B-00C04F79EFBC}") = "EsoCPU.Tests", "EsoCPU.Tests\EsoCPU.Tests.csproj", "{6F8ACDAD-9C58-422C-8F64-AEFC86D51265}"
EndProject
Global
	GlobalSection(SolutionConfigurationPlatforms) = preSolution
		Debug|Any CPU = Debug|Any CPU
		Release|Any CPU = Release|Any CPU
	EndGlobalSection
	GlobalSection(ProjectConfigurationPlatforms) = postSolution
		{CE681C63-0418-4B10-B3AC-EF9C7412B1ED}.Debug|Any CPU.ActiveCfg = Debug|Any CPU
		{CE681C63-0418-4B10-B3AC-EF9C7412B1ED}.Debug|Any CPU.Build.0 = Debug|Any CPU
		{CE681C63-0418-4B10-B3AC-EF9C7412B1ED}.Release|Any CPU.ActiveCfg = Release|Any CPU
		{CE681C63-0418-4B10-B3AC-EF9C7412B1ED}.Release|Any CPU.Build.0 = Release|Any CPU
		{6F8ACDAD-9C58-422C-8F64-AEFC86D51265}.Debug|Any CPU.ActiveCfg = Debug|Any CPU
		{6F8ACDAD-9C58-422C-8F64-AEFC86D51265}.Debug|Any CPU.Build.0 = Debug|Any CPU
		{6F8ACDAD-9C58-422C-8F64-AEFC86D51265}.Release|Any CPU.ActiveCfg = Release|Any CPU
		{6F8ACDAD-9C58-422C-8F64-AEFC86D51265}.Release|Any CPU.Build.0 = Release|Any CPU
	EndGlobalSection
	GlobalSection(SolutionProperties) = preSolution
		HideSolutionNode = FALSE
	EndGlobalSection
EndGlobal
